
Microsoft Visual Studio Solution File, Format Version 12.00
# Visual Studio Version 17
VisualStudioVersion = 17.2.32630.192
MinimumVisualStudioVersion = 10.0.40219.1
Project("{9A19103F-16F7-4668-BE54-9A1E7A4F7556}") = "R5T.T0147", "R5T.T0147\R5T.T0147.csproj", "{4EF97EBB-65CA-4D1D-9A3F-1FBCB0C1A12F}"
EndProject
Project("{2150E333-8FDC-42A3-9474-1A3956D46DE8}") = "_Dependencies", "_Dependencies", "{0974C967-FF97-4049-8C8C-CEAA6E5EE312}"
EndProject
Project("{9A19103F-16F7-4668-BE54-9A1E7A4F7556}") = "R5T.NG0002", "..\..\R5T.NG0002\source\R5T.NG0002\R5T.NG0002.csproj", "{27D75314-D096-4B43-8203-7772B9D553BD}"
EndProject
Project("{9A19103F-16F7-4668-BE54-9A1E7A4F7556}") = "R5T.T0142", "..\..\R5T.T0142\source\R5T.T0142\R5T.T0142.csproj", "{8BCA571A-3057-4C63-8B0E-859F1A906EBA}"
EndProject
Project("{9A19103F-16F7-4668-BE54-9A1E7A4F7556}") = "R5T.T0143", "..\..\R5T.T0143\source\R5T.T0143\R5T.T0143.csproj", "{10E7E66B-47B0-4645-A1E9-53B362FA9A14}"
EndProject
Project("{9A19103F-16F7-4668-BE54-9A1E7A4F7556}") = "R5T.T0132", "..\..\R5T.T0132\source\R5T.T0132\R5T.T0132.csproj", "{EDCC9722-5073-49DF-876C-923168558DA3}"
EndProject
Project("{9A19103F-16F7-4668-BE54-9A1E7A4F7556}") = "R5T.T0147.T000", "R5T.T0147.T000\R5T.T0147.T000.csproj", "{BCC38818-8F5E-4D13-A64B-0AF2F0AB4FB3}"
EndProject
Global
	GlobalSection(NestedProjects) = preSolution
		{27D75314-D096-4B43-8203-7772B9D553BD} = {0974C967-FF97-4049-8C8C-CEAA6E5EE312}
		{8BCA571A-3057-4C63-8B0E-859F1A906EBA} = {0974C967-FF97-4049-8C8C-CEAA6E5EE312}
		{10E7E66B-47B0-4645-A1E9-53B362FA9A14} = {0974C967-FF97-4049-8C8C-CEAA6E5EE312}
		{EDCC9722-5073-49DF-876C-923168558DA3} = {0974C967-FF97-4049-8C8C-CEAA6E5EE312}
	EndGlobalSection
	GlobalSection(SolutionConfigurationPlatforms) = preSolution
		Debug|Any CPU = Debug|Any CPU
		Release|Any CPU = Release|Any CPU
	EndGlobalSection
	GlobalSection(ProjectConfigurationPlatforms) = postSolution
		{4EF97EBB-65CA-4D1D-9A3F-1FBCB0C1A12F}.Debug|Any CPU.ActiveCfg = Debug|Any CPU
		{4EF97EBB-65CA-4D1D-9A3F-1FBCB0C1A12F}.Debug|Any CPU.Build.0 = Debug|Any CPU
		{4EF97EBB-65CA-4D1D-9A3F-1FBCB0C1A12F}.Release|Any CPU.ActiveCfg = Release|Any CPU
		{4EF97EBB-65CA-4D1D-9A3F-1FBCB0C1A12F}.Release|Any CPU.Build.0 = Release|Any CPU
		{27D75314-D096-4B43-8203-7772B9D553BD}.Debug|Any CPU.ActiveCfg = Debug|Any CPU
		{27D75314-D096-4B43-8203-7772B9D553BD}.Debug|Any CPU.Build.0 = Debug|Any CPU
		{27D75314-D096-4B43-8203-7772B9D553BD}.Release|Any CPU.ActiveCfg = Release|Any CPU
		{27D75314-D096-4B43-8203-7772B9D553BD}.Release|Any CPU.Build.0 = Release|Any CPU
		{8BCA571A-3057-4C63-8B0E-859F1A906EBA}.Debug|Any CPU.ActiveCfg = Debug|Any CPU
		{8BCA571A-3057-4C63-8B0E-859F1A906EBA}.Debug|Any CPU.Build.0 = Debug|Any CPU
		{8BCA571A-3057-4C63-8B0E-859F1A906EBA}.Release|Any CPU.ActiveCfg = Release|Any CPU
		{8BCA571A-3057-4C63-8B0E-859F1A906EBA}.Release|Any CPU.Build.0 = Release|Any CPU
		{10E7E66B-47B0-4645-A1E9-53B362FA9A14}.Debug|Any CPU.ActiveCfg = Debug|Any CPU
		{10E7E66B-47B0-4645-A1E9-53B362FA9A14}.Debug|Any CPU.Build.0 = Debug|Any CPU
		{10E7E66B-47B0-4645-A1E9-53B362FA9A14}.Release|Any CPU.ActiveCfg = Release|Any CPU
		{10E7E66B-47B0-4645-A1E9-53B362FA9A14}.Release|Any CPU.Build.0 = Release|Any CPU
		{EDCC9722-5073-49DF-876C-923168558DA3}.Debug|Any CPU.ActiveCfg = Debug|Any CPU
		{EDCC9722-5073-49DF-876C-923168558DA3}.Debug|Any CPU.Build.0 = Debug|Any CPU
		{EDCC9722-5073-49DF-876C-923168558DA3}.Release|Any CPU.ActiveCfg = Release|Any CPU
		{EDCC9722-5073-49DF-876C-923168558DA3}.Release|Any CPU.Build.0 = Release|Any CPU
		{BCC38818-8F5E-4D13-A64B-0AF2F0AB4FB3}.Debug|Any CPU.ActiveCfg = Debug|Any CPU
		{BCC38818-8F5E-4D13-A64B-0AF2F0AB4FB3}.Debug|Any CPU.Build.0 = Debug|Any CPU
		{BCC38818-8F5E-4D13-A64B-0AF2F0AB4FB3}.Release|Any CPU.ActiveCfg = Release|Any CPU
		{BCC38818-8F5E-4D13-A64B-0AF2F0AB4FB3}.Release|Any CPU.Build.0 = Release|Any CPU
	EndGlobalSection
	GlobalSection(SolutionProperties) = preSolution
		HideSolutionNode = FALSE
	EndGlobalSection
	GlobalSection(ExtensibilityGlobals) = postSolution
		SolutionGuid = {846965BC-CAE9-47FC-A2CA-CC7E65F272C3}
	EndGlobalSection
EndGlobal
